
Microsoft Visual Studio Solution File, Format Version 12.00
# Visual Studio Version 17
VisualStudioVersion = 17.5.33530.505
MinimumVisualStudioVersion = 10.0.40219.1
Project("{FAE04EC0-301F-11D3-BF4B-00C04F79EFBC}") = "drawing", "drawing.csproj", "{458C3032-AAC1-4539-A488-37879D2EBEF4}"
EndProject
Global
	GlobalSection(SolutionConfigurationPlatforms) = preSolution
		Debug|Any CPU = Debug|Any CPU
		Release|Any CPU = Release|Any CPU
	EndGlobalSection
	GlobalSection(ProjectConfigurationPlatforms) = postSolution
		{458C3032-AAC1-4539-A488-37879D2EBEF4}.Debug|Any CPU.ActiveCfg = Debug|Any CPU
		{458C3032-AAC1-4539-A488-37879D2EBEF4}.Debug|Any CPU.Build.0 = Debug|Any CPU
		{458C3032-AAC1-4539-A488-37879D2EBEF4}.Release|Any CPU.ActiveCfg = Release|Any CPU
		{458C3032-AAC1-4539-A488-37879D2EBEF4}.Release|Any CPU.Build.0 = Release|Any CPU
	EndGlobalSection
	GlobalSection(SolutionProperties) = preSolution
		HideSolutionNode = FALSE
	EndGlobalSection
	GlobalSection(ExtensibilityGlobals) = postSolution
		SolutionGuid = {ED7A7774-D92D-4E0A-BA33-4A2DE12230E6}
	EndGlobalSection
EndGlobal
