
Microsoft Visual Studio Solution File, Format Version 12.00
# Visual Studio Version 17
VisualStudioVersion = 17.5.33530.505
MinimumVisualStudioVersion = 10.0.40219.1
Project("{FAE04EC0-301F-11D3-BF4B-00C04F79EFBC}") = "transformations", "transformations.csproj", "{3180323B-2BF1-4A1A-BB28-2FD793E371AB}"
EndProject
Global
	GlobalSection(SolutionConfigurationPlatforms) = preSolution
		Debug|Any CPU = Debug|Any CPU
		Release|Any CPU = Release|Any CPU
	EndGlobalSection
	GlobalSection(ProjectConfigurationPlatforms) = postSolution
		{3180323B-2BF1-4A1A-BB28-2FD793E371AB}.Debug|Any CPU.ActiveCfg = Debug|Any CPU
		{3180323B-2BF1-4A1A-BB28-2FD793E371AB}.Debug|Any CPU.Build.0 = Debug|Any CPU
		{3180323B-2BF1-4A1A-BB28-2FD793E371AB}.Release|Any CPU.ActiveCfg = Release|Any CPU
		{3180323B-2BF1-4A1A-BB28-2FD793E371AB}.Release|Any CPU.Build.0 = Release|Any CPU
	EndGlobalSection
	GlobalSection(SolutionProperties) = preSolution
		HideSolutionNode = FALSE
	EndGlobalSection
	GlobalSection(ExtensibilityGlobals) = postSolution
		SolutionGuid = {2825A747-92BD-42EB-8E69-45D3B1A0D0E1}
	EndGlobalSection
EndGlobal
